
Microsoft Visual Studio Solution File, Format Version 12.00
# Visual Studio 15
VisualStudioVersion = 15.0.27130.2010
MinimumVisualStudioVersion = 10.0.40219.1
Project("{9A19103F-16F7-4668-BE54-9A1E7A4F7556}") = "FuncBlobs.EventWriter", "FuncBlobs.EventWriter\FuncBlobs.EventWriter.csproj", "{14B5BE7F-A51E-49C8-9801-DA02B389DBCE}"
EndProject
Project("{9A19103F-16F7-4668-BE54-9A1E7A4F7556}") = "FuncBlobs.Models", "FuncBlobs.Models\FuncBlobs.Models.csproj", "{D43DADE0-BB6E-4D13-8B5A-6FA2640CA45E}"
EndProject
Project("{9A19103F-16F7-4668-BE54-9A1E7A4F7556}") = "FuncBlobs.Scratch", "FuncBlobs.Scratch\FuncBlobs.Scratch.csproj", "{A5B5ED84-CE67-4C92-80E0-4FC30E170479}"
EndProject
Project("{9A19103F-16F7-4668-BE54-9A1E7A4F7556}") = "FuncBlobs.Formats", "FuncBlobs.Formats\FuncBlobs.Formats.csproj", "{16956C2A-A559-4EE5-9849-FE3F66B8654C}"
EndProject
Project("{FAE04EC0-301F-11D3-BF4B-00C04F79EFBC}") = "FuncBlobs.LoadGenerator", "FuncBlobs.LoadGenerator\FuncBlobs.LoadGenerator.csproj", "{89907D12-7668-4FD0-B393-8424C2E03A3B}"
EndProject
Global
	GlobalSection(SolutionConfigurationPlatforms) = preSolution
		Debug|Any CPU = Debug|Any CPU
		Release|Any CPU = Release|Any CPU
	EndGlobalSection
	GlobalSection(ProjectConfigurationPlatforms) = postSolution
		{14B5BE7F-A51E-49C8-9801-DA02B389DBCE}.Debug|Any CPU.ActiveCfg = Debug|Any CPU
		{14B5BE7F-A51E-49C8-9801-DA02B389DBCE}.Debug|Any CPU.Build.0 = Debug|Any CPU
		{14B5BE7F-A51E-49C8-9801-DA02B389DBCE}.Release|Any CPU.ActiveCfg = Release|Any CPU
		{14B5BE7F-A51E-49C8-9801-DA02B389DBCE}.Release|Any CPU.Build.0 = Release|Any CPU
		{D43DADE0-BB6E-4D13-8B5A-6FA2640CA45E}.Debug|Any CPU.ActiveCfg = Debug|Any CPU
		{D43DADE0-BB6E-4D13-8B5A-6FA2640CA45E}.Debug|Any CPU.Build.0 = Debug|Any CPU
		{D43DADE0-BB6E-4D13-8B5A-6FA2640CA45E}.Release|Any CPU.ActiveCfg = Release|Any CPU
		{D43DADE0-BB6E-4D13-8B5A-6FA2640CA45E}.Release|Any CPU.Build.0 = Release|Any CPU
		{A5B5ED84-CE67-4C92-80E0-4FC30E170479}.Debug|Any CPU.ActiveCfg = Debug|Any CPU
		{A5B5ED84-CE67-4C92-80E0-4FC30E170479}.Debug|Any CPU.Build.0 = Debug|Any CPU
		{A5B5ED84-CE67-4C92-80E0-4FC30E170479}.Release|Any CPU.ActiveCfg = Release|Any CPU
		{A5B5ED84-CE67-4C92-80E0-4FC30E170479}.Release|Any CPU.Build.0 = Release|Any CPU
		{16956C2A-A559-4EE5-9849-FE3F66B8654C}.Debug|Any CPU.ActiveCfg = Debug|Any CPU
		{16956C2A-A559-4EE5-9849-FE3F66B8654C}.Debug|Any CPU.Build.0 = Debug|Any CPU
		{16956C2A-A559-4EE5-9849-FE3F66B8654C}.Release|Any CPU.ActiveCfg = Release|Any CPU
		{16956C2A-A559-4EE5-9849-FE3F66B8654C}.Release|Any CPU.Build.0 = Release|Any CPU
		{89907D12-7668-4FD0-B393-8424C2E03A3B}.Debug|Any CPU.ActiveCfg = Debug|Any CPU
		{89907D12-7668-4FD0-B393-8424C2E03A3B}.Debug|Any CPU.Build.0 = Debug|Any CPU
		{89907D12-7668-4FD0-B393-8424C2E03A3B}.Release|Any CPU.ActiveCfg = Release|Any CPU
		{89907D12-7668-4FD0-B393-8424C2E03A3B}.Release|Any CPU.Build.0 = Release|Any CPU
	EndGlobalSection
	GlobalSection(SolutionProperties) = preSolution
		HideSolutionNode = FALSE
	EndGlobalSection
	GlobalSection(ExtensibilityGlobals) = postSolution
		SolutionGuid = {F0CD1505-0854-4C6B-BF0D-961074BA9774}
	EndGlobalSection
EndGlobal
